# THIS IS AN AUTOGENERATED FILE. DO NOT EDIT THIS FILE DIRECTLY.
# yarn lockfile v1


"@types/jquery@^3.5.5":
  version "3.5.6"
  resolved "https://registry.yarnpkg.com/@types/jquery/-/jquery-3.5.6.tgz#97ac8e36dccd8ad8ed3f3f3b48933614d9fd8cf0"
  integrity sha512-SmgCQRzGPId4MZQKDj9Hqc6kSXFNWZFHpELkyK8AQhf8Zr6HKfCzFv9ZC1Fv3FyQttJZOlap3qYb12h61iZAIg==
  dependencies:
    "@types/sizzle" "*"

"@types/mithril@^2.0.7":
  version "2.0.8"
  resolved "https://registry.yarnpkg.com/@types/mithril/-/mithril-2.0.8.tgz#b7b6f58bdc7b244802f5ff919805e947d8e45b4e"
  integrity sha512-QzVV70DqUhWfLFpMFDBI9rRxtzeUUpbhiFDpUJYSV92AePgl+Qfficgv2MOb1Ceb+lBOQU8+L+Hjf2UielQjEw==

"@types/sizzle@*":
  version "2.3.3"
  resolved "https://registry.yarnpkg.com/@types/sizzle/-/sizzle-2.3.3.tgz#ff5e2f1902969d305225a047c8a0fd5c915cebef"
  integrity sha512-JYM8x9EGF163bEyhdJBpR2QX1R5naCJHC8ucJylJ3w9/CVBaskdQ8WqBf8MmQrd1kRvp/a4TS8HJ+bxzR7ZJYQ==

"@types/throttle-debounce@^2.1.0":
  version "2.1.0"
  resolved "https://registry.yarnpkg.com/@types/throttle-debounce/-/throttle-debounce-2.1.0.tgz#1c3df624bfc4b62f992d3012b84c56d41eab3776"
  integrity sha512-5eQEtSCoESnh2FsiLTxE121IiE60hnMqcb435fShf4bpLRjEu1Eoekht23y6zXS9Ts3l+Szu3TARnTsA0GkOkQ==

dayjs@^1.10.4:
  version "1.10.7"
  resolved "https://registry.yarnpkg.com/dayjs/-/dayjs-1.10.7.tgz#2cf5f91add28116748440866a0a1d26f3a6ce468"
  integrity sha512-P6twpd70BcPK34K26uJ1KT3wlhpuOAPoMwJzpsIWUxHZ7wpmbdZL/hQqBDfz7hGurYSa5PhzdhDHtt319hL3ig==

flarum-tsconfig@^1.0.2:
  version "1.0.2"
  resolved "https://registry.yarnpkg.com/flarum-tsconfig/-/flarum-tsconfig-1.0.2.tgz#1dda4d867a1dddc627c2afbc74af12d602371ecd"
  integrity sha512-RUaN7D6noLK9vY1F86NIc+IlIP1YAA3bJ4jGR5pIm8UxvLBLW8qrAHzIosuQJgvnge7VgTA5c2LoNefUK/9EiQ==
  dependencies:
    "@types/jquery" "^3.5.5"
    "@types/mithril" "^2.0.7"
    "@types/throttle-debounce" "^2.1.0"
    dayjs "^1.10.4"
